// !$*UTF8*$!
{
	archiveVersion = 1;
	classes = {
	};
	objectVersion = 50;
	objects = {

/* Begin PBXBuildFile section */
		4B576DB6259B981D00698AE1 /* Tests_iOS.swift in Sources */ = {isa = PBXBuildFile; fileRef = 4B576DB5259B981D00698AE1 /* Tests_iOS.swift */; };
		4B576DC1259B981D00698AE1 /* Tests_macOS.swift in Sources */ = {isa = PBXBuildFile; fileRef = 4B576DC0259B981D00698AE1 /* Tests_macOS.swift */; };
		4B576DC3259B981D00698AE1 /* DocumentRenamerApp.swift in Sources */ = {isa = PBXBuildFile; fileRef = 4B576D99259B981D00698AE1 /* DocumentRenamerApp.swift */; };
		4B576DC4259B981D00698AE1 /* DocumentRenamerApp.swift in Sources */ = {isa = PBXBuildFile; fileRef = 4B576D99259B981D00698AE1 /* DocumentRenamerApp.swift */; };
		4B576DC5259B981D00698AE1 /* DocumentRenamerDocument.swift in Sources */ = {isa = PBXBuildFile; fileRef = 4B576D9A259B981D00698AE1 /* DocumentRenamerDocument.swift */; };
		4B576DC6259B981D00698AE1 /* DocumentRenamerDocument.swift in Sources */ = {isa = PBXBuildFile; fileRef = 4B576D9A259B981D00698AE1 /* DocumentRenamerDocument.swift */; };
		4B576DC7259B981D00698AE1 /* ContentView.swift in Sources */ = {isa = PBXBuildFile; fileRef = 4B576D9B259B981D00698AE1 /* ContentView.swift */; };
		4B576DC8259B981D00698AE1 /* ContentView.swift in Sources */ = {isa = PBXBuildFile; fileRef = 4B576D9B259B981D00698AE1 /* ContentView.swift */; };
		4B576DC9259B981D00698AE1 /* Assets.xcassets in Resources */ = {isa = PBXBuildFile; fileRef = 4B576D9C259B981D00698AE1 /* Assets.xcassets */; };
		4B576DCA259B981D00698AE1 /* Assets.xcassets in Resources */ = {isa = PBXBuildFile; fileRef = 4B576D9C259B981D00698AE1 /* Assets.xcassets */; };
/* End PBXBuildFile section */

/* Begin PBXContainerItemProxy section */
		4B576DB2259B981D00698AE1 /* PBXContainerItemProxy */ = {
			isa = PBXContainerItemProxy;
			containerPortal = 4B576D94259B981C00698AE1 /* Project object */;
			proxyType = 1;
			remoteGlobalIDString = 4B576DA0259B981D00698AE1;
			remoteInfo = "DocumentRenamer (iOS)";
		};
		4B576DBD259B981D00698AE1 /* PBXContainerItemProxy */ = {
			isa = PBXContainerItemProxy;
			containerPortal = 4B576D94259B981C00698AE1 /* Project object */;
			proxyType = 1;
			remoteGlobalIDString = 4B576DA8259B981D00698AE1;
			remoteInfo = "DocumentRenamer (macOS)";
		};
/* End PBXContainerItemProxy section */

/* Begin PBXFileReference section */
		4B576D99259B981D00698AE1 /* DocumentRenamerApp.swift */ = {isa = PBXFileReference; lastKnownFileType = sourcecode.swift; path = DocumentRenamerApp.swift; sourceTree = "<group>"; };
		4B576D9A259B981D00698AE1 /* DocumentRenamerDocument.swift */ = {isa = PBXFileReference; lastKnownFileType = sourcecode.swift; path = DocumentRenamerDocument.swift; sourceTree = "<group>"; };
		4B576D9B259B981D00698AE1 /* ContentView.swift */ = {isa = PBXFileReference; lastKnownFileType = sourcecode.swift; path = ContentView.swift; sourceTree = "<group>"; };
		4B576D9C259B981D00698AE1 /* Assets.xcassets */ = {isa = PBXFileReference; lastKnownFileType = folder.assetcatalog; path = Assets.xcassets; sourceTree = "<group>"; };
		4B576DA1259B981D00698AE1 /* DocumentRenamer.app */ = {isa = PBXFileReference; explicitFileType = wrapper.application; includeInIndex = 0; path = DocumentRenamer.app; sourceTree = BUILT_PRODUCTS_DIR; };
		4B576DA4259B981D00698AE1 /* Info.plist */ = {isa = PBXFileReference; lastKnownFileType = text.plist.xml; path = Info.plist; sourceTree = "<group>"; };
		4B576DA9259B981D00698AE1 /* DocumentRenamer.app */ = {isa = PBXFileReference; explicitFileType = wrapper.application; includeInIndex = 0; path = DocumentRenamer.app; sourceTree = BUILT_PRODUCTS_DIR; };
		4B576DAB259B981D00698AE1 /* Info.plist */ = {isa = PBXFileReference; lastKnownFileType = text.plist.xml; path = Info.plist; sourceTree = "<group>"; };
		4B576DAC259B981D00698AE1 /* macOS.entitlements */ = {isa = PBXFileReference; lastKnownFileType = text.plist.entitlements; path = macOS.entitlements; sourceTree = "<group>"; };
		4B576DB1259B981D00698AE1 /* Tests iOS.xctest */ = {isa = PBXFileReference; explicitFileType = wrapper.cfbundle; includeInIndex = 0; path = "Tests iOS.xctest"; sourceTree = BUILT_PRODUCTS_DIR; };
		4B576DB5259B981D00698AE1 /* Tests_iOS.swift */ = {isa = PBXFileReference; lastKnownFileType = sourcecode.swift; path = Tests_iOS.swift; sourceTree = "<group>"; };
		4B576DB7259B981D00698AE1 /* Info.plist */ = {isa = PBXFileReference; lastKnownFileType = text.plist.xml; path = Info.plist; sourceTree = "<group>"; };
		4B576DBC259B981D00698AE1 /* Tests macOS.xctest */ = {isa = PBXFileReference; explicitFileType = wrapper.cfbundle; includeInIndex = 0; path = "Tests macOS.xctest"; sourceTree = BUILT_PRODUCTS_DIR; };
		4B576DC0259B981D00698AE1 /* Tests_macOS.swift */ = {isa = PBXFileReference; lastKnownFileType = sourcecode.swift; path = Tests_macOS.swift; sourceTree = "<group>"; };
		4B576DC2259B981D00698AE1 /* Info.plist */ = {isa = PBXFileReference; lastKnownFileType = text.plist.xml; path = Info.plist; sourceTree = "<group>"; };
/* End PBXFileReference section */

/* Begin PBXFrameworksBuildPhase section */
		4B576D9E259B981D00698AE1 /* Frameworks */ = {
			isa = PBXFrameworksBuildPhase;
			buildActionMask = 2147483647;
			files = (
			);
			runOnlyForDeploymentPostprocessing = 0;
		};
		4B576DA6259B981D00698AE1 /* Frameworks */ = {
			isa = PBXFrameworksBuildPhase;
			buildActionMask = 2147483647;
			files = (
			);
			runOnlyForDeploymentPostprocessing = 0;
		};
		4B576DAE259B981D00698AE1 /* Frameworks */ = {
			isa = PBXFrameworksBuildPhase;
			buildActionMask = 2147483647;
			files = (
			);
			runOnlyForDeploymentPostprocessing = 0;
		};
		4B576DB9259B981D00698AE1 /* Frameworks */ = {
			isa = PBXFrameworksBuildPhase;
			buildActionMask = 2147483647;
			files = (
			);
			runOnlyForDeploymentPostprocessing = 0;
		};
/* End PBXFrameworksBuildPhase section */

/* Begin PBXGroup section */
		4B576D93259B981C00698AE1 = {
			isa = PBXGroup;
			children = (
				4B576D98259B981D00698AE1 /* Shared */,
				4B576DA3259B981D00698AE1 /* iOS */,
				4B576DAA259B981D00698AE1 /* macOS */,
				4B576DB4259B981D00698AE1 /* Tests iOS */,
				4B576DBF259B981D00698AE1 /* Tests macOS */,
				4B576DA2259B981D00698AE1 /* Products */,
			);
			sourceTree = "<group>";
		};
		4B576D98259B981D00698AE1 /* Shared */ = {
			isa = PBXGroup;
			children = (
				4B576D99259B981D00698AE1 /* DocumentRenamerApp.swift */,
				4B576D9A259B981D00698AE1 /* DocumentRenamerDocument.swift */,
				4B576D9B259B981D00698AE1 /* ContentView.swift */,
				4B576D9C259B981D00698AE1 /* Assets.xcassets */,
			);
			path = Shared;
			sourceTree = "<group>";
		};
		4B576DA2259B981D00698AE1 /* Products */ = {
			isa = PBXGroup;
			children = (
				4B576DA1259B981D00698AE1 /* DocumentRenamer.app */,
				4B576DA9259B981D00698AE1 /* DocumentRenamer.app */,
				4B576DB1259B981D00698AE1 /* Tests iOS.xctest */,
				4B576DBC259B981D00698AE1 /* Tests macOS.xctest */,
			);
			name = Products;
			sourceTree = "<group>";
		};
		4B576DA3259B981D00698AE1 /* iOS */ = {
			isa = PBXGroup;
			children = (
				4B576DA4259B981D00698AE1 /* Info.plist */,
			);
			path = iOS;
			sourceTree = "<group>";
		};
		4B576DAA259B981D00698AE1 /* macOS */ = {
			isa = PBXGroup;
			children = (
				4B576DAB259B981D00698AE1 /* Info.plist */,
				4B576DAC259B981D00698AE1 /* macOS.entitlements */,
			);
			path = macOS;
			sourceTree = "<group>";
		};
		4B576DB4259B981D00698AE1 /* Tests iOS */ = {
			isa = PBXGroup;
			children = (
				4B576DB5259B981D00698AE1 /* Tests_iOS.swift */,
				4B576DB7259B981D00698AE1 /* Info.plist */,
			);
			path = "Tests iOS";
			sourceTree = "<group>";
		};
		4B576DBF259B981D00698AE1 /* Tests macOS */ = {
			isa = PBXGroup;
			children = (
				4B576DC0259B981D00698AE1 /* Tests_macOS.swift */,
				4B576DC2259B981D00698AE1 /* Info.plist */,
			);
			path = "Tests macOS";
			sourceTree = "<group>";
		};
/* End PBXGroup section */

/* Begin PBXNativeTarget section */
		4B576DA0259B981D00698AE1 /* DocumentRenamer (iOS) */ = {
			isa = PBXNativeTarget;
			buildConfigurationList = 4B576DCD259B981D00698AE1 /* Build configuration list for PBXNativeTarget "DocumentRenamer (iOS)" */;
			buildPhases = (
				4B576D9D259B981D00698AE1 /* Sources */,
				4B576D9E259B981D00698AE1 /* Frameworks */,
				4B576D9F259B981D00698AE1 /* Resources */,
			);
			buildRules = (
			);
			dependencies = (
			);
			name = "DocumentRenamer (iOS)";
			productName = "DocumentRenamer (iOS)";
			productReference = 4B576DA1259B981D00698AE1 /* DocumentRenamer.app */;
			productType = "com.apple.product-type.application";
		};
		4B576DA8259B981D00698AE1 /* DocumentRenamer (macOS) */ = {
			isa = PBXNativeTarget;
			buildConfigurationList = 4B576DD0259B981D00698AE1 /* Build configuration list for PBXNativeTarget "DocumentRenamer (macOS)" */;
			buildPhases = (
				4B576DA5259B981D00698AE1 /* Sources */,
				4B576DA6259B981D00698AE1 /* Frameworks */,
				4B576DA7259B981D00698AE1 /* Resources */,
			);
			buildRules = (
			);
			dependencies = (
			);
			name = "DocumentRenamer (macOS)";
			productName = "DocumentRenamer (macOS)";
			productReference = 4B576DA9259B981D00698AE1 /* DocumentRenamer.app */;
			productType = "com.apple.product-type.application";
		};
		4B576DB0259B981D00698AE1 /* Tests iOS */ = {
			isa = PBXNativeTarget;
			buildConfigurationList = 4B576DD3259B981D00698AE1 /* Build configuration list for PBXNativeTarget "Tests iOS" */;
			buildPhases = (
				4B576DAD259B981D00698AE1 /* Sources */,
				4B576DAE259B981D00698AE1 /* Frameworks */,
				4B576DAF259B981D00698AE1 /* Resources */,
			);
			buildRules = (
			);
			dependencies = (
				4B576DB3259B981D00698AE1 /* PBXTargetDependency */,
			);
			name = "Tests iOS";
			productName = "Tests iOS";
			productReference = 4B576DB1259B981D00698AE1 /* Tests iOS.xctest */;
			productType = "com.apple.product-type.bundle.ui-testing";
		};
		4B576DBB259B981D00698AE1 /* Tests macOS */ = {
			isa = PBXNativeTarget;
			buildConfigurationList = 4B576DD6259B981D00698AE1 /* Build configuration list for PBXNativeTarget "Tests macOS" */;
			buildPhases = (
				4B576DB8259B981D00698AE1 /* Sources */,
				4B576DB9259B981D00698AE1 /* Frameworks */,
				4B576DBA259B981D00698AE1 /* Resources */,
			);
			buildRules = (
			);
			dependencies = (
				4B576DBE259B981D00698AE1 /* PBXTargetDependency */,
			);
			name = "Tests macOS";
			productName = "Tests macOS";
			productReference = 4B576DBC259B981D00698AE1 /* Tests macOS.xctest */;
			productType = "com.apple.product-type.bundle.ui-testing";
		};
/* End PBXNativeTarget section */

/* Begin PBXProject section */
		4B576D94259B981C00698AE1 /* Project object */ = {
			isa = PBXProject;
			attributes = {
				LastSwiftUpdateCheck = 1230;
				LastUpgradeCheck = 1230;
				TargetAttributes = {
					4B576DA0259B981D00698AE1 = {
						CreatedOnToolsVersion = 12.3;
					};
					4B576DA8259B981D00698AE1 = {
						CreatedOnToolsVersion = 12.3;
					};
					4B576DB0259B981D00698AE1 = {
						CreatedOnToolsVersion = 12.3;
						TestTargetID = 4B576DA0259B981D00698AE1;
					};
					4B576DBB259B981D00698AE1 = {
						CreatedOnToolsVersion = 12.3;
						TestTargetID = 4B576DA8259B981D00698AE1;
					};
				};
			};
			buildConfigurationList = 4B576D97259B981C00698AE1 /* Build configuration list for PBXProject "DocumentRenamer" */;
			compatibilityVersion = "Xcode 9.3";
			developmentRegion = en;
			hasScannedForEncodings = 0;
			knownRegions = (
				en,
				Base,
			);
			mainGroup = 4B576D93259B981C00698AE1;
			productRefGroup = 4B576DA2259B981D00698AE1 /* Products */;
			projectDirPath = "";
			projectRoot = "";
			targets = (
				4B576DA0259B981D00698AE1 /* DocumentRenamer (iOS) */,
				4B576DA8259B981D00698AE1 /* DocumentRenamer (macOS) */,
				4B576DB0259B981D00698AE1 /* Tests iOS */,
				4B576DBB259B981D00698AE1 /* Tests macOS */,
			);
		};
/* End PBXProject section */

/* Begin PBXResourcesBuildPhase section */
		4B576D9F259B981D00698AE1 /* Resources */ = {
			isa = PBXResourcesBuildPhase;
			buildActionMask = 2147483647;
			files = (
				4B576DC9259B981D00698AE1 /* Assets.xcassets in Resources */,
			);
			runOnlyForDeploymentPostprocessing = 0;
		};
		4B576DA7259B981D00698AE1 /* Resources */ = {
			isa = PBXResourcesBuildPhase;
			buildActionMask = 2147483647;
			files = (
				4B576DCA259B981D00698AE1 /* Assets.xcassets in Resources */,
			);
			runOnlyForDeploymentPostprocessing = 0;
		};
		4B576DAF259B981D00698AE1 /* Resources */ = {
			isa = PBXResourcesBuildPhase;
			buildActionMask = 2147483647;
			files = (
			);
			runOnlyForDeploymentPostprocessing = 0;
		};
		4B576DBA259B981D00698AE1 /* Resources */ = {
			isa = PBXResourcesBuildPhase;
			buildActionMask = 2147483647;
			files = (
			);
			runOnlyForDeploymentPostprocessing = 0;
		};
/* End PBXResourcesBuildPhase section */

/* Begin PBXSourcesBuildPhase section */
		4B576D9D259B981D00698AE1 /* Sources */ = {
			isa = PBXSourcesBuildPhase;
			buildActionMask = 2147483647;
			files = (
				4B576DC5259B981D00698AE1 /* DocumentRenamerDocument.swift in Sources */,
				4B576DC3259B981D00698AE1 /* DocumentRenamerApp.swift in Sources */,
				4B576DC7259B981D00698AE1 /* ContentView.swift in Sources */,
			);
			runOnlyForDeploymentPostprocessing = 0;
		};
		4B576DA5259B981D00698AE1 /* Sources */ = {
			isa = PBXSourcesBuildPhase;
			buildActionMask = 2147483647;
			files = (
				4B576DC6259B981D00698AE1 /* DocumentRenamerDocument.swift in Sources */,
				4B576DC4259B981D00698AE1 /* DocumentRenamerApp.swift in Sources */,
				4B576DC8259B981D00698AE1 /* ContentView.swift in Sources */,
			);
			runOnlyForDeploymentPostprocessing = 0;
		};
		4B576DAD259B981D00698AE1 /* Sources */ = {
			isa = PBXSourcesBuildPhase;
			buildActionMask = 2147483647;
			files = (
				4B576DB6259B981D00698AE1 /* Tests_iOS.swift in Sources */,
			);
			runOnlyForDeploymentPostprocessing = 0;
		};
		4B576DB8259B981D00698AE1 /* Sources */ = {
			isa = PBXSourcesBuildPhase;
			buildActionMask = 2147483647;
			files = (
				4B576DC1259B981D00698AE1 /* Tests_macOS.swift in Sources */,
			);
			runOnlyForDeploymentPostprocessing = 0;
		};
/* End PBXSourcesBuildPhase section */

/* Begin PBXTargetDependency section */
		4B576DB3259B981D00698AE1 /* PBXTargetDependency */ = {
			isa = PBXTargetDependency;
			target = 4B576DA0259B981D00698AE1 /* DocumentRenamer (iOS) */;
			targetProxy = 4B576DB2259B981D00698AE1 /* PBXContainerItemProxy */;
		};
		4B576DBE259B981D00698AE1 /* PBXTargetDependency */ = {
			isa = PBXTargetDependency;
			target = 4B576DA8259B981D00698AE1 /* DocumentRenamer (macOS) */;
			targetProxy = 4B576DBD259B981D00698AE1 /* PBXContainerItemProxy */;
		};
/* End PBXTargetDependency section */

/* Begin XCBuildConfiguration section */
		4B576DCB259B981D00698AE1 /* Debug */ = {
			isa = XCBuildConfiguration;
			buildSettings = {
				ALWAYS_SEARCH_USER_PATHS = NO;
				CLANG_ANALYZER_NONNULL = YES;
				CLANG_ANALYZER_NUMBER_OBJECT_CONVERSION = YES_AGGRESSIVE;
				CLANG_CXX_LANGUAGE_STANDARD = "gnu++14";
				CLANG_CXX_LIBRARY = "libc++";
				CLANG_ENABLE_MODULES = YES;
				CLANG_ENABLE_OBJC_ARC = YES;
				CLANG_ENABLE_OBJC_WEAK = YES;
				CLANG_WARN_BLOCK_CAPTURE_AUTORELEASING = YES;
				CLANG_WARN_BOOL_CONVERSION = YES;
				CLANG_WARN_COMMA = YES;
				CLANG_WARN_CONSTANT_CONVERSION = YES;
				CLANG_WARN_DEPRECATED_OBJC_IMPLEMENTATIONS = YES;
				CLANG_WARN_DIRECT_OBJC_ISA_USAGE = YES_ERROR;
				CLANG_WARN_DOCUMENTATION_COMMENTS = YES;
				CLANG_WARN_EMPTY_BODY = YES;
				CLANG_WARN_ENUM_CONVERSION = YES;
				CLANG_WARN_INFINITE_RECURSION = YES;
				CLANG_WARN_INT_CONVERSION = YES;
				CLANG_WARN_NON_LITERAL_NULL_CONVERSION = YES;
				CLANG_WARN_OBJC_IMPLICIT_RETAIN_SELF = YES;
				CLANG_WARN_OBJC_LITERAL_CONVERSION = YES;
				CLANG_WARN_OBJC_ROOT_CLASS = YES_ERROR;
				CLANG_WARN_QUOTED_INCLUDE_IN_FRAMEWORK_HEADER = YES;
				CLANG_WARN_RANGE_LOOP_ANALYSIS = YES;
				CLANG_WARN_STRICT_PROTOTYPES = YES;
				CLANG_WARN_SUSPICIOUS_MOVE = YES;
				CLANG_WARN_UNGUARDED_AVAILABILITY = YES_AGGRESSIVE;
				CLANG_WARN_UNREACHABLE_CODE = YES;
				CLANG_WARN__DUPLICATE_METHOD_MATCH = YES;
				COPY_PHASE_STRIP = NO;
				DEBUG_INFORMATION_FORMAT = dwarf;
				ENABLE_STRICT_OBJC_MSGSEND = YES;
				ENABLE_TESTABILITY = YES;
				GCC_C_LANGUAGE_STANDARD = gnu11;
				GCC_DYNAMIC_NO_PIC = NO;
				GCC_NO_COMMON_BLOCKS = YES;
				GCC_OPTIMIZATION_LEVEL = 0;
				GCC_PREPROCESSOR_DEFINITIONS = (
					"DEBUG=1",
					"$(inherited)",
				);
				GCC_WARN_64_TO_32_BIT_CONVERSION = YES;
				GCC_WARN_ABOUT_RETURN_TYPE = YES_ERROR;
				GCC_WARN_UNDECLARED_SELECTOR = YES;
				GCC_WARN_UNINITIALIZED_AUTOS = YES_AGGRESSIVE;
				GCC_WARN_UNUSED_FUNCTION = YES;
				GCC_WARN_UNUSED_VARIABLE = YES;
				MTL_ENABLE_DEBUG_INFO = INCLUDE_SOURCE;
				MTL_FAST_MATH = YES;
				ONLY_ACTIVE_ARCH = YES;
				SWIFT_ACTIVE_COMPILATION_CONDITIONS = DEBUG;
				SWIFT_OPTIMIZATION_LEVEL = "-Onone";
			};
			name = Debug;
		};
		4B576DCC259B981D00698AE1 /* Release */ = {
			isa = XCBuildConfiguration;
			buildSettings = {
				ALWAYS_SEARCH_USER_PATHS = NO;
				CLANG_ANALYZER_NONNULL = YES;
				CLANG_ANALYZER_NUMBER_OBJECT_CONVERSION = YES_AGGRESSIVE;
				CLANG_CXX_LANGUAGE_STANDARD = "gnu++14";
				CLANG_CXX_LIBRARY = "libc++";
				CLANG_ENABLE_MODULES = YES;
				CLANG_ENABLE_OBJC_ARC = YES;
				CLANG_ENABLE_OBJC_WEAK = YES;
				CLANG_WARN_BLOCK_CAPTURE_AUTORELEASING = YES;
				CLANG_WARN_BOOL_CONVERSION = YES;
				CLANG_WARN_COMMA = YES;
				CLANG_WARN_CONSTANT_CONVERSION = YES;
				CLANG_WARN_DEPRECATED_OBJC_IMPLEMENTATIONS = YES;
				CLANG_WARN_DIRECT_OBJC_ISA_USAGE = YES_ERROR;
				CLANG_WARN_DOCUMENTATION_COMMENTS = YES;
				CLANG_WARN_EMPTY_BODY = YES;
				CLANG_WARN_ENUM_CONVERSION = YES;
				CLANG_WARN_INFINITE_RECURSION = YES;
				CLANG_WARN_INT_CONVERSION = YES;
				CLANG_WARN_NON_LITERAL_NULL_CONVERSION = YES;
				CLANG_WARN_OBJC_IMPLICIT_RETAIN_SELF = YES;
				CLANG_WARN_OBJC_LITERAL_CONVERSION = YES;
				CLANG_WARN_OBJC_ROOT_CLASS = YES_ERROR;
				CLANG_WARN_QUOTED_INCLUDE_IN_FRAMEWORK_HEADER = YES;
				CLANG_WARN_RANGE_LOOP_ANALYSIS = YES;
				CLANG_WARN_STRICT_PROTOTYPES = YES;
				CLANG_WARN_SUSPICIOUS_MOVE = YES;
				CLANG_WARN_UNGUARDED_AVAILABILITY = YES_AGGRESSIVE;
				CLANG_WARN_UNREACHABLE_CODE = YES;
				CLANG_WARN__DUPLICATE_METHOD_MATCH = YES;
				COPY_PHASE_STRIP = NO;
				DEBUG_INFORMATION_FORMAT = "dwarf-with-dsym";
				ENABLE_NS_ASSERTIONS = NO;
				ENABLE_STRICT_OBJC_MSGSEND = YES;
				GCC_C_LANGUAGE_STANDARD = gnu11;
				GCC_NO_COMMON_BLOCKS = YES;
				GCC_WARN_64_TO_32_BIT_CONVERSION = YES;
				GCC_WARN_ABOUT_RETURN_TYPE = YES_ERROR;
				GCC_WARN_UNDECLARED_SELECTOR = YES;
				GCC_WARN_UNINITIALIZED_AUTOS = YES_AGGRESSIVE;
				GCC_WARN_UNUSED_FUNCTION = YES;
				GCC_WARN_UNUSED_VARIABLE = YES;
				MTL_ENABLE_DEBUG_INFO = NO;
				MTL_FAST_MATH = YES;
				SWIFT_COMPILATION_MODE = wholemodule;
				SWIFT_OPTIMIZATION_LEVEL = "-O";
			};
			name = Release;
		};
		4B576DCE259B981D00698AE1 /* Debug */ = {
			isa = XCBuildConfiguration;
			buildSettings = {
				ASSETCATALOG_COMPILER_APPICON_NAME = AppIcon;
				ASSETCATALOG_COMPILER_GLOBAL_ACCENT_COLOR_NAME = AccentColor;
				CODE_SIGN_STYLE = Automatic;
				DEVELOPMENT_TEAM = RA42DJ3F2R;
				ENABLE_PREVIEWS = YES;
				INFOPLIST_FILE = iOS/Info.plist;
				IPHONEOS_DEPLOYMENT_TARGET = 14.0;
				LD_RUNPATH_SEARCH_PATHS = (
					"$(inherited)",
					"@executable_path/Frameworks",
				);
				PRODUCT_BUNDLE_IDENTIFIER = com.stevenhovater.DocumentRenamer;
				PRODUCT_NAME = DocumentRenamer;
				SDKROOT = iphoneos;
				SWIFT_VERSION = 5.0;
				TARGETED_DEVICE_FAMILY = "1,2";
			};
			name = Debug;
		};
		4B576DCF259B981D00698AE1 /* Release */ = {
			isa = XCBuildConfiguration;
			buildSettings = {
				ASSETCATALOG_COMPILER_APPICON_NAME = AppIcon;
				ASSETCATALOG_COMPILER_GLOBAL_ACCENT_COLOR_NAME = AccentColor;
				CODE_SIGN_STYLE = Automatic;
				DEVELOPMENT_TEAM = RA42DJ3F2R;
				ENABLE_PREVIEWS = YES;
				INFOPLIST_FILE = iOS/Info.plist;
				IPHONEOS_DEPLOYMENT_TARGET = 14.0;
				LD_RUNPATH_SEARCH_PATHS = (
					"$(inherited)",
					"@executable_path/Frameworks",
				);
				PRODUCT_BUNDLE_IDENTIFIER = com.stevenhovater.DocumentRenamer;
				PRODUCT_NAME = DocumentRenamer;
				SDKROOT = iphoneos;
				SWIFT_VERSION = 5.0;
				TARGETED_DEVICE_FAMILY = "1,2";
				VALIDATE_PRODUCT = YES;
			};
			name = Release;
		};
		4B576DD1259B981D00698AE1 /* Debug */ = {
			isa = XCBuildConfiguration;
			buildSettings = {
				ASSETCATALOG_COMPILER_APPICON_NAME = AppIcon;
				ASSETCATALOG_COMPILER_GLOBAL_ACCENT_COLOR_NAME = AccentColor;
				CODE_SIGN_ENTITLEMENTS = macOS/macOS.entitlements;
				CODE_SIGN_STYLE = Automatic;
				COMBINE_HIDPI_IMAGES = YES;
				DEVELOPMENT_TEAM = RA42DJ3F2R;
				ENABLE_HARDENED_RUNTIME = YES;
				ENABLE_PREVIEWS = YES;
				INFOPLIST_FILE = macOS/Info.plist;
				LD_RUNPATH_SEARCH_PATHS = (
					"$(inherited)",
					"@executable_path/../Frameworks",
				);
				MACOSX_DEPLOYMENT_TARGET = 11.0;
				PRODUCT_BUNDLE_IDENTIFIER = com.stevenhovater.DocumentRenamer;
				PRODUCT_NAME = DocumentRenamer;
				SDKROOT = macosx;
				SWIFT_VERSION = 5.0;
			};
			name = Debug;
		};
		4B576DD2259B981D00698AE1 /* Release */ = {
			isa = XCBuildConfiguration;
			buildSettings = {
				ASSETCATALOG_COMPILER_APPICON_NAME = AppIcon;
				ASSETCATALOG_COMPILER_GLOBAL_ACCENT_COLOR_NAME = AccentColor;
				CODE_SIGN_ENTITLEMENTS = macOS/macOS.entitlements;
				CODE_SIGN_STYLE = Automatic;
				COMBINE_HIDPI_IMAGES = YES;
				DEVELOPMENT_TEAM = RA42DJ3F2R;
				ENABLE_HARDENED_RUNTIME = YES;
				ENABLE_PREVIEWS = YES;
				INFOPLIST_FILE = macOS/Info.plist;
				LD_RUNPATH_SEARCH_PATHS = (
					"$(inherited)",
					"@executable_path/../Frameworks",
				);
				MACOSX_DEPLOYMENT_TARGET = 11.0;
				PRODUCT_BUNDLE_IDENTIFIER = com.stevenhovater.DocumentRenamer;
				PRODUCT_NAME = DocumentRenamer;
				SDKROOT = macosx;
				SWIFT_VERSION = 5.0;
			};
			name = Release;
		};
		4B576DD4259B981D00698AE1 /* Debug */ = {
			isa = XCBuildConfiguration;
			buildSettings = {
				ALWAYS_EMBED_SWIFT_STANDARD_LIBRARIES = YES;
				CODE_SIGN_STYLE = Automatic;
				DEVELOPMENT_TEAM = RA42DJ3F2R;
				INFOPLIST_FILE = "Tests iOS/Info.plist";
				IPHONEOS_DEPLOYMENT_TARGET = 14.3;
				LD_RUNPATH_SEARCH_PATHS = (
					"$(inherited)",
					"@executable_path/Frameworks",
					"@loader_path/Frameworks",
				);
				PRODUCT_BUNDLE_IDENTIFIER = "com.stevenhovater.Tests-iOS";
				PRODUCT_NAME = "$(TARGET_NAME)";
				SDKROOT = iphoneos;
				SWIFT_VERSION = 5.0;
				TARGETED_DEVICE_FAMILY = "1,2";
				TEST_TARGET_NAME = "DocumentRenamer (iOS)";
			};
			name = Debug;
		};
		4B576DD5259B981D00698AE1 /* Release */ = {
			isa = XCBuildConfiguration;
			buildSettings = {
				ALWAYS_EMBED_SWIFT_STANDARD_LIBRARIES = YES;
				CODE_SIGN_STYLE = Automatic;
				DEVELOPMENT_TEAM = RA42DJ3F2R;
				INFOPLIST_FILE = "Tests iOS/Info.plist";
				IPHONEOS_DEPLOYMENT_TARGET = 14.3;
				LD_RUNPATH_SEARCH_PATHS = (
					"$(inherited)",
					"@executable_path/Frameworks",
					"@loader_path/Frameworks",
				);
				PRODUCT_BUNDLE_IDENTIFIER = "com.stevenhovater.Tests-iOS";
				PRODUCT_NAME = "$(TARGET_NAME)";
				SDKROOT = iphoneos;
				SWIFT_VERSION = 5.0;
				TARGETED_DEVICE_FAMILY = "1,2";
				TEST_TARGET_NAME = "DocumentRenamer (iOS)";
				VALIDATE_PRODUCT = YES;
			};
			name = Release;
		};
		4B576DD7259B981D00698AE1 /* Debug */ = {
			isa = XCBuildConfiguration;
			buildSettings = {
				ALWAYS_EMBED_SWIFT_STANDARD_LIBRARIES = YES;
				CODE_SIGN_STYLE = Automatic;
				COMBINE_HIDPI_IMAGES = YES;
				DEVELOPMENT_TEAM = RA42DJ3F2R;
				INFOPLIST_FILE = "Tests macOS/Info.plist";
				LD_RUNPATH_SEARCH_PATHS = (
					"$(inherited)",
					"@executable_path/../Frameworks",
					"@loader_path/../Frameworks",
				);
				MACOSX_DEPLOYMENT_TARGET = 11.1;
				PRODUCT_BUNDLE_IDENTIFIER = "com.stevenhovater.Tests-macOS";
				PRODUCT_NAME = "$(TARGET_NAME)";
				SDKROOT = macosx;
				SWIFT_VERSION = 5.0;
				TEST_TARGET_NAME = "DocumentRenamer (macOS)";
			};
			name = Debug;
		};
		4B576DD8259B981D00698AE1 /* Release */ = {
			isa = XCBuildConfiguration;
			buildSettings = {
				ALWAYS_EMBED_SWIFT_STANDARD_LIBRARIES = YES;
				CODE_SIGN_STYLE = Automatic;
				COMBINE_HIDPI_IMAGES = YES;
				DEVELOPMENT_TEAM = RA42DJ3F2R;
				INFOPLIST_FILE = "Tests macOS/Info.plist";
				LD_RUNPATH_SEARCH_PATHS = (
					"$(inherited)",
					"@executable_path/../Frameworks",
					"@loader_path/../Frameworks",
				);
				MACOSX_DEPLOYMENT_TARGET = 11.1;
				PRODUCT_BUNDLE_IDENTIFIER = "com.stevenhovater.Tests-macOS";
				PRODUCT_NAME = "$(TARGET_NAME)";
				SDKROOT = macosx;
				SWIFT_VERSION = 5.0;
				TEST_TARGET_NAME = "DocumentRenamer (macOS)";
			};
			name = Release;
		};
/* End XCBuildConfiguration section */

/* Begin XCConfigurationList section */
		4B576D97259B981C00698AE1 /* Build configuration list for PBXProject "DocumentRenamer" */ = {
			isa = XCConfigurationList;
			buildConfigurations = (
				4B576DCB259B981D00698AE1 /* Debug */,
				4B576DCC259B981D00698AE1 /* Release */,
			);
			defaultConfigurationIsVisible = 0;
			defaultConfigurationName = Release;
		};
		4B576DCD259B981D00698AE1 /* Build configuration list for PBXNativeTarget "DocumentRenamer (iOS)" */ = {
			isa = XCConfigurationList;
			buildConfigurations = (
				4B576DCE259B981D00698AE1 /* Debug */,
				4B576DCF259B981D00698AE1 /* Release */,
			);
			defaultConfigurationIsVisible = 0;
			defaultConfigurationName = Release;
		};
		4B576DD0259B981D00698AE1 /* Build configuration list for PBXNativeTarget "DocumentRenamer (macOS)" */ = {
			isa = XCConfigurationList;
			buildConfigurations = (
				4B576DD1259B981D00698AE1 /* Debug */,
				4B576DD2259B981D00698AE1 /* Release */,
			);
			defaultConfigurationIsVisible = 0;
			defaultConfigurationName = Release;
		};
		4B576DD3259B981D00698AE1 /* Build configuration list for PBXNativeTarget "Tests iOS" */ = {
			isa = XCConfigurationList;
			buildConfigurations = (
				4B576DD4259B981D00698AE1 /* Debug */,
				4B576DD5259B981D00698AE1 /* Release */,
			);
			defaultConfigurationIsVisible = 0;
			defaultConfigurationName = Release;
		};
		4B576DD6259B981D00698AE1 /* Build configuration list for PBXNativeTarget "Tests macOS" */ = {
			isa = XCConfigurationList;
			buildConfigurations = (
				4B576DD7259B981D00698AE1 /* Debug */,
				4B576DD8259B981D00698AE1 /* Release */,
			);
			defaultConfigurationIsVisible = 0;
			defaultConfigurationName = Release;
		};
/* End XCConfigurationList section */
	};
	rootObject = 4B576D94259B981C00698AE1 /* Project object */;
}
